
Microsoft Visual Studio Solution File, Format Version 12.00
# Visual Studio Version 17
VisualStudioVersion = 17.12.35707.178
MinimumVisualStudioVersion = 10.0.40219.1
Project("{FAE04EC0-301F-11D3-BF4B-00C04F79EFBC}") = "ConsoleApp1", "ConsoleApp1\ConsoleApp1.csproj", "{22EDB0FF-25F1-41A6-B7B5-065E468E7457}"
EndProject
Project("{FAE04EC0-301F-11D3-BF4B-00C04F79EFBC}") = "SayiTahminOyunu_Odev", "SayiTahminOyunu_Odev\SayiTahminOyunu_Odev.csproj", "{079B647D-71E3-48ED-B2B1-F753349898B9}"
EndProject
Project("{FAE04EC0-301F-11D3-BF4B-00C04F79EFBC}") = "NameSpace_Odev", "NameSpace_Odev\NameSpace_Odev.csproj", "{356B4ED6-553D-46A6-871D-30A10A4E207D}"
EndProject
Project("{FAE04EC0-301F-11D3-BF4B-00C04F79EFBC}") = "HesapMakinesi_Odev", "HesapMakinesi_Odev\HesapMakinesi_Odev.csproj", "{513FA186-6D8B-471A-BF96-889E771E9E9B}"
EndProject
Project("{FAE04EC0-301F-11D3-BF4B-00C04F79EFBC}") = "DiziVeDongu_Odev", "DiziVeDongu_Odev\DiziVeDongu_Odev.csproj", "{F688BDC5-4037-419D-B1BD-D67F87DA6528}"
EndProject
Project("{FAE04EC0-301F-11D3-BF4B-00C04F79EFBC}") = "Constructor_Composition_Odev", "Constructor_Composition_Odev\Constructor_Composition_Odev.csproj", "{EF32E7E7-7397-46FA-96DB-80C351ED2E61}"
EndProject
Project("{FAE04EC0-301F-11D3-BF4B-00C04F79EFBC}") = "GenericList_Odev", "GenericList_Odev\GenericList_Odev.csproj", "{54395D68-E1C6-4597-9210-AA7035F3A1D5}"
EndProject
Project("{FAE04EC0-301F-11D3-BF4B-00C04F79EFBC}") = "WinForm_ArabaUygulaması_Odev", "WinForm_ArabaUygulaması_Odev\WinForm_ArabaUygulaması_Odev.csproj", "{9B6276A3-AA6C-4FF4-B1A3-ADE3B8FA05E1}"
EndProject
Global
	GlobalSection(SolutionConfigurationPlatforms) = preSolution
		Debug|Any CPU = Debug|Any CPU
		Release|Any CPU = Release|Any CPU
	EndGlobalSection
	GlobalSection(ProjectConfigurationPlatforms) = postSolution
		{22EDB0FF-25F1-41A6-B7B5-065E468E7457}.Debug|Any CPU.ActiveCfg = Debug|Any CPU
		{22EDB0FF-25F1-41A6-B7B5-065E468E7457}.Debug|Any CPU.Build.0 = Debug|Any CPU
		{22EDB0FF-25F1-41A6-B7B5-065E468E7457}.Release|Any CPU.ActiveCfg = Release|Any CPU
		{22EDB0FF-25F1-41A6-B7B5-065E468E7457}.Release|Any CPU.Build.0 = Release|Any CPU
		{079B647D-71E3-48ED-B2B1-F753349898B9}.Debug|Any CPU.ActiveCfg = Debug|Any CPU
		{079B647D-71E3-48ED-B2B1-F753349898B9}.Debug|Any CPU.Build.0 = Debug|Any CPU
		{079B647D-71E3-48ED-B2B1-F753349898B9}.Release|Any CPU.ActiveCfg = Release|Any CPU
		{079B647D-71E3-48ED-B2B1-F753349898B9}.Release|Any CPU.Build.0 = Release|Any CPU
		{356B4ED6-553D-46A6-871D-30A10A4E207D}.Debug|Any CPU.ActiveCfg = Debug|Any CPU
		{356B4ED6-553D-46A6-871D-30A10A4E207D}.Debug|Any CPU.Build.0 = Debug|Any CPU
		{356B4ED6-553D-46A6-871D-30A10A4E207D}.Release|Any CPU.ActiveCfg = Release|Any CPU
		{356B4ED6-553D-46A6-871D-30A10A4E207D}.Release|Any CPU.Build.0 = Release|Any CPU
		{513FA186-6D8B-471A-BF96-889E771E9E9B}.Debug|Any CPU.ActiveCfg = Debug|Any CPU
		{513FA186-6D8B-471A-BF96-889E771E9E9B}.Debug|Any CPU.Build.0 = Debug|Any CPU
		{513FA186-6D8B-471A-BF96-889E771E9E9B}.Release|Any CPU.ActiveCfg = Release|Any CPU
		{513FA186-6D8B-471A-BF96-889E771E9E9B}.Release|Any CPU.Build.0 = Release|Any CPU
		{F688BDC5-4037-419D-B1BD-D67F87DA6528}.Debug|Any CPU.ActiveCfg = Debug|Any CPU
		{F688BDC5-4037-419D-B1BD-D67F87DA6528}.Debug|Any CPU.Build.0 = Debug|Any CPU
		{F688BDC5-4037-419D-B1BD-D67F87DA6528}.Release|Any CPU.ActiveCfg = Release|Any CPU
		{F688BDC5-4037-419D-B1BD-D67F87DA6528}.Release|Any CPU.Build.0 = Release|Any CPU
		{EF32E7E7-7397-46FA-96DB-80C351ED2E61}.Debug|Any CPU.ActiveCfg = Debug|Any CPU
		{EF32E7E7-7397-46FA-96DB-80C351ED2E61}.Debug|Any CPU.Build.0 = Debug|Any CPU
		{EF32E7E7-7397-46FA-96DB-80C351ED2E61}.Release|Any CPU.ActiveCfg = Release|Any CPU
		{EF32E7E7-7397-46FA-96DB-80C351ED2E61}.Release|Any CPU.Build.0 = Release|Any CPU
		{54395D68-E1C6-4597-9210-AA7035F3A1D5}.Debug|Any CPU.ActiveCfg = Debug|Any CPU
		{54395D68-E1C6-4597-9210-AA7035F3A1D5}.Debug|Any CPU.Build.0 = Debug|Any CPU
		{54395D68-E1C6-4597-9210-AA7035F3A1D5}.Release|Any CPU.ActiveCfg = Release|Any CPU
		{54395D68-E1C6-4597-9210-AA7035F3A1D5}.Release|Any CPU.Build.0 = Release|Any CPU
		{9B6276A3-AA6C-4FF4-B1A3-ADE3B8FA05E1}.Debug|Any CPU.ActiveCfg = Debug|Any CPU
		{9B6276A3-AA6C-4FF4-B1A3-ADE3B8FA05E1}.Debug|Any CPU.Build.0 = Debug|Any CPU
		{9B6276A3-AA6C-4FF4-B1A3-ADE3B8FA05E1}.Release|Any CPU.ActiveCfg = Release|Any CPU
		{9B6276A3-AA6C-4FF4-B1A3-ADE3B8FA05E1}.Release|Any CPU.Build.0 = Release|Any CPU
	EndGlobalSection
	GlobalSection(SolutionProperties) = preSolution
		HideSolutionNode = FALSE
	EndGlobalSection
EndGlobal
